
Microsoft Visual Studio Solution File, Format Version 11.00
# Visual Studio 2010
Project("{FAE04EC0-301F-11D3-BF4B-00C04F79EFBC}") = "PlotPingWinFormsView", "PlotPingWinFormsGUI\PlotPingWinFormsView.csproj", "{EB5BF4FE-E100-419B-A8C9-21C64B2C0767}"
EndProject
Project("{FAE04EC0-301F-11D3-BF4B-00C04F79EFBC}") = "PlotPingPresentation", "PlotPingPresentation\PlotPingPresentation.csproj", "{95A38BAF-C87A-44F2-9AC3-38A9875935F6}"
EndProject
Project("{FAE04EC0-301F-11D3-BF4B-00C04F79EFBC}") = "PlotPingModel", "PlotPingModel\PlotPingModel.csproj", "{E734AFE9-C4D3-42E8-B758-4A9BDF14CB16}"
EndProject
Global
	GlobalSection(SolutionConfigurationPlatforms) = preSolution
		Debug|Any CPU = Debug|Any CPU
		Debug|Mixed Platforms = Debug|Mixed Platforms
		Debug|x86 = Debug|x86
		Release|Any CPU = Release|Any CPU
		Release|Mixed Platforms = Release|Mixed Platforms
		Release|x86 = Release|x86
	EndGlobalSection
	GlobalSection(ProjectConfigurationPlatforms) = postSolution
		{EB5BF4FE-E100-419B-A8C9-21C64B2C0767}.Debug|Any CPU.ActiveCfg = Debug|x86
		{EB5BF4FE-E100-419B-A8C9-21C64B2C0767}.Debug|Mixed Platforms.ActiveCfg = Debug|x86
		{EB5BF4FE-E100-419B-A8C9-21C64B2C0767}.Debug|Mixed Platforms.Build.0 = Debug|x86
		{EB5BF4FE-E100-419B-A8C9-21C64B2C0767}.Debug|x86.ActiveCfg = Debug|x86
		{EB5BF4FE-E100-419B-A8C9-21C64B2C0767}.Debug|x86.Build.0 = Debug|x86
		{EB5BF4FE-E100-419B-A8C9-21C64B2C0767}.Release|Any CPU.ActiveCfg = Release|x86
		{EB5BF4FE-E100-419B-A8C9-21C64B2C0767}.Release|Mixed Platforms.ActiveCfg = Release|x86
		{EB5BF4FE-E100-419B-A8C9-21C64B2C0767}.Release|Mixed Platforms.Build.0 = Release|x86
		{EB5BF4FE-E100-419B-A8C9-21C64B2C0767}.Release|x86.ActiveCfg = Release|x86
		{EB5BF4FE-E100-419B-A8C9-21C64B2C0767}.Release|x86.Build.0 = Release|x86
		{95A38BAF-C87A-44F2-9AC3-38A9875935F6}.Debug|Any CPU.ActiveCfg = Debug|Any CPU
		{95A38BAF-C87A-44F2-9AC3-38A9875935F6}.Debug|Any CPU.Build.0 = Debug|Any CPU
		{95A38BAF-C87A-44F2-9AC3-38A9875935F6}.Debug|Mixed Platforms.ActiveCfg = Debug|Any CPU
		{95A38BAF-C87A-44F2-9AC3-38A9875935F6}.Debug|Mixed Platforms.Build.0 = Debug|Any CPU
		{95A38BAF-C87A-44F2-9AC3-38A9875935F6}.Debug|x86.ActiveCfg = Debug|Any CPU
		{95A38BAF-C87A-44F2-9AC3-38A9875935F6}.Release|Any CPU.ActiveCfg = Release|Any CPU
		{95A38BAF-C87A-44F2-9AC3-38A9875935F6}.Release|Any CPU.Build.0 = Release|Any CPU
		{95A38BAF-C87A-44F2-9AC3-38A9875935F6}.Release|Mixed Platforms.ActiveCfg = Release|Any CPU
		{95A38BAF-C87A-44F2-9AC3-38A9875935F6}.Release|Mixed Platforms.Build.0 = Release|Any CPU
		{95A38BAF-C87A-44F2-9AC3-38A9875935F6}.Release|x86.ActiveCfg = Release|Any CPU
		{E734AFE9-C4D3-42E8-B758-4A9BDF14CB16}.Debug|Any CPU.ActiveCfg = Debug|Any CPU
		{E734AFE9-C4D3-42E8-B758-4A9BDF14CB16}.Debug|Any CPU.Build.0 = Debug|Any CPU
		{E734AFE9-C4D3-42E8-B758-4A9BDF14CB16}.Debug|Mixed Platforms.ActiveCfg = Debug|Any CPU
		{E734AFE9-C4D3-42E8-B758-4A9BDF14CB16}.Debug|Mixed Platforms.Build.0 = Debug|Any CPU
		{E734AFE9-C4D3-42E8-B758-4A9BDF14CB16}.Debug|x86.ActiveCfg = Debug|Any CPU
		{E734AFE9-C4D3-42E8-B758-4A9BDF14CB16}.Release|Any CPU.ActiveCfg = Release|Any CPU
		{E734AFE9-C4D3-42E8-B758-4A9BDF14CB16}.Release|Any CPU.Build.0 = Release|Any CPU
		{E734AFE9-C4D3-42E8-B758-4A9BDF14CB16}.Release|Mixed Platforms.ActiveCfg = Release|Any CPU
		{E734AFE9-C4D3-42E8-B758-4A9BDF14CB16}.Release|Mixed Platforms.Build.0 = Release|Any CPU
		{E734AFE9-C4D3-42E8-B758-4A9BDF14CB16}.Release|x86.ActiveCfg = Release|Any CPU
	EndGlobalSection
	GlobalSection(SolutionProperties) = preSolution
		HideSolutionNode = FALSE
	EndGlobalSection
EndGlobal
